
Microsoft Visual Studio Solution File, Format Version 12.00
# Visual Studio 15
VisualStudioVersion = 15.0.27130.2003
MinimumVisualStudioVersion = 10.0.40219.1
Project("{8BC9CEB8-8B4A-11D0-8D11-00A0C91BC942}") = "FileSystem", "FileSystem-Windows\FileSystemDemo\FileSystemDemo.vcxproj", "{EF4A3188-CA93-45A2-AB52-7548669E3AA8}"
EndProject
Project("{8BC9CEB8-8B4A-11D0-8D11-00A0C91BC942}") = "MsgPassingComm", "CppCommWithFileXfer\MsgPassingComm\MsgPassingComm.vcxproj", "{6E58E051-CC07-4D7F-92A4-06A117A79CA7}"
EndProject
Project("{8BC9CEB8-8B4A-11D0-8D11-00A0C91BC942}") = "Server", "ServerPrototype\ServerPrototype.vcxproj", "{FD4E1C9E-ECA7-49CD-A3CE-B9F99864B835}"
EndProject
Project("{8BC9CEB8-8B4A-11D0-8D11-00A0C91BC942}") = "Utilities", "CppCommWithFileXfer\Utilities\Utilities.vcxproj", "{462B43B2-8B13-4178-BF2A-903F76F1985C}"
EndProject
Project("{8BC9CEB8-8B4A-11D0-8D11-00A0C91BC942}") = "Message", "CppCommWithFileXfer\Message\Message.vcxproj", "{4133D528-AB6D-4CCD-AF37-67536F36154C}"
EndProject
Project("{8BC9CEB8-8B4A-11D0-8D11-00A0C91BC942}") = "Sockets", "CppCommWithFileXfer\Sockets\Sockets.vcxproj", "{CA3129B8-1BF4-44C9-B116-53EC72D0BCCB}"
EndProject
Project("{8BC9CEB8-8B4A-11D0-8D11-00A0C91BC942}") = "Translater", "Translater\Translater.vcxproj", "{6105617E-3D4C-4914-BA33-E3D053496BA3}"
EndProject
Project("{8BC9CEB8-8B4A-11D0-8D11-00A0C91BC942}") = "CommLibWrapper", "CommLibWrapper\CommLibWrapper.vcxproj", "{B1DB1846-C0FC-48EF-80E4-DC556E9240FA}"
EndProject
Project("{2150E333-8FDC-42A3-9474-1A3956D46DE8}") = "Solution Items", "Solution Items", "{D1EF5AAB-E0BC-4048-83FE-FD84FEBD28AC}"
	ProjectSection(SolutionItems) = preProject
		Build.txt = Build.txt
		Parts.txt = Parts.txt
	EndProjectSection
EndProject
Project("{FAE04EC0-301F-11D3-BF4B-00C04F79EFBC}") = "GUI", "GUI\GUI.csproj", "{580C3C33-F98C-4E25-8411-E1561F6F12CB}"
EndProject
Project("{8BC9CEB8-8B4A-11D0-8D11-00A0C91BC942}") = "Browse", "Browse\Browse.vcxproj", "{C32FC838-6475-44E1-B848-C868EB8AA0F8}"
EndProject
Project("{8BC9CEB8-8B4A-11D0-8D11-00A0C91BC942}") = "Check-in", "Check-in\Check-in.vcxproj", "{1C1627FD-095E-423F-AA94-79EEC3962BB5}"
EndProject
Project("{8BC9CEB8-8B4A-11D0-8D11-00A0C91BC942}") = "Check-out", "Check-out\Check-out.vcxproj", "{2E607A43-DADA-4DBE-B94C-C3C2D87A4082}"
EndProject
Project("{8BC9CEB8-8B4A-11D0-8D11-00A0C91BC942}") = "PayLoad", "PayLoad\PayLoad.vcxproj", "{C154E97F-E5C0-426D-A8E6-2028DE478CA1}"
EndProject
Project("{8BC9CEB8-8B4A-11D0-8D11-00A0C91BC942}") = "Executive", "NoSqlDb\Executive\Executive.vcxproj", "{7CC2C0A5-F346-4AE8-87AA-D7F3D1753CD6}"
EndProject
Project("{8BC9CEB8-8B4A-11D0-8D11-00A0C91BC942}") = "Process", "Process\Process\Process.vcxproj", "{5E2548A1-C280-49E1-A2B6-55F4BA12B3F2}"
EndProject
Project("{8BC9CEB8-8B4A-11D0-8D11-00A0C91BC942}") = "RepositoryCore", "RepositoryCore\RepositoryCore.vcxproj", "{EC7D6746-5458-4664-9C1D-2F9541F6B9D0}"
EndProject
Project("{8BC9CEB8-8B4A-11D0-8D11-00A0C91BC942}") = "Version", "Version\Version.vcxproj", "{00B59C48-BE4B-4A53-B32B-926D3E61AF20}"
EndProject
Project("{8BC9CEB8-8B4A-11D0-8D11-00A0C91BC942}") = "XmlDocument", "NoSqlDb\XmlDocument\XmlDocument\XmlDocument.vcxproj", "{0A82ECDC-7520-453A-8F2C-D813FEEE7537}"
EndProject
Global
	GlobalSection(SolutionConfigurationPlatforms) = preSolution
		Debug|Any CPU = Debug|Any CPU
		Debug|x64 = Debug|x64
		Debug|x86 = Debug|x86
		Release|Any CPU = Release|Any CPU
		Release|x64 = Release|x64
		Release|x86 = Release|x86
	EndGlobalSection
	GlobalSection(ProjectConfigurationPlatforms) = postSolution
		{EF4A3188-CA93-45A2-AB52-7548669E3AA8}.Debug|Any CPU.ActiveCfg = Debug|Win32
		{EF4A3188-CA93-45A2-AB52-7548669E3AA8}.Debug|Any CPU.Build.0 = Debug|Win32
		{EF4A3188-CA93-45A2-AB52-7548669E3AA8}.Debug|x64.ActiveCfg = Debug|Win32
		{EF4A3188-CA93-45A2-AB52-7548669E3AA8}.Debug|x86.ActiveCfg = Debug|Win32
		{EF4A3188-CA93-45A2-AB52-7548669E3AA8}.Debug|x86.Build.0 = Debug|Win32
		{EF4A3188-CA93-45A2-AB52-7548669E3AA8}.Release|Any CPU.ActiveCfg = Release|Win32
		{EF4A3188-CA93-45A2-AB52-7548669E3AA8}.Release|x64.ActiveCfg = Release|Win32
		{EF4A3188-CA93-45A2-AB52-7548669E3AA8}.Release|x86.ActiveCfg = Release|Win32
		{EF4A3188-CA93-45A2-AB52-7548669E3AA8}.Release|x86.Build.0 = Release|Win32
		{6E58E051-CC07-4D7F-92A4-06A117A79CA7}.Debug|Any CPU.ActiveCfg = Debug|Win32
		{6E58E051-CC07-4D7F-92A4-06A117A79CA7}.Debug|Any CPU.Build.0 = Debug|Win32
		{6E58E051-CC07-4D7F-92A4-06A117A79CA7}.Debug|x64.ActiveCfg = Debug|x64
		{6E58E051-CC07-4D7F-92A4-06A117A79CA7}.Debug|x64.Build.0 = Debug|x64
		{6E58E051-CC07-4D7F-92A4-06A117A79CA7}.Debug|x86.ActiveCfg = Debug|Win32
		{6E58E051-CC07-4D7F-92A4-06A117A79CA7}.Debug|x86.Build.0 = Debug|Win32
		{6E58E051-CC07-4D7F-92A4-06A117A79CA7}.Release|Any CPU.ActiveCfg = Release|Win32
		{6E58E051-CC07-4D7F-92A4-06A117A79CA7}.Release|x64.ActiveCfg = Release|x64
		{6E58E051-CC07-4D7F-92A4-06A117A79CA7}.Release|x64.Build.0 = Release|x64
		{6E58E051-CC07-4D7F-92A4-06A117A79CA7}.Release|x86.ActiveCfg = Release|Win32
		{6E58E051-CC07-4D7F-92A4-06A117A79CA7}.Release|x86.Build.0 = Release|Win32
		{FD4E1C9E-ECA7-49CD-A3CE-B9F99864B835}.Debug|Any CPU.ActiveCfg = Debug|Win32
		{FD4E1C9E-ECA7-49CD-A3CE-B9F99864B835}.Debug|Any CPU.Build.0 = Debug|Win32
		{FD4E1C9E-ECA7-49CD-A3CE-B9F99864B835}.Debug|x64.ActiveCfg = Debug|x64
		{FD4E1C9E-ECA7-49CD-A3CE-B9F99864B835}.Debug|x64.Build.0 = Debug|x64
		{FD4E1C9E-ECA7-49CD-A3CE-B9F99864B835}.Debug|x86.ActiveCfg = Debug|Win32
		{FD4E1C9E-ECA7-49CD-A3CE-B9F99864B835}.Debug|x86.Build.0 = Debug|Win32
		{FD4E1C9E-ECA7-49CD-A3CE-B9F99864B835}.Release|Any CPU.ActiveCfg = Release|Win32
		{FD4E1C9E-ECA7-49CD-A3CE-B9F99864B835}.Release|x64.ActiveCfg = Release|x64
		{FD4E1C9E-ECA7-49CD-A3CE-B9F99864B835}.Release|x64.Build.0 = Release|x64
		{FD4E1C9E-ECA7-49CD-A3CE-B9F99864B835}.Release|x86.ActiveCfg = Release|Win32
		{FD4E1C9E-ECA7-49CD-A3CE-B9F99864B835}.Release|x86.Build.0 = Release|Win32
		{462B43B2-8B13-4178-BF2A-903F76F1985C}.Debug|Any CPU.ActiveCfg = Debug|Win32
		{462B43B2-8B13-4178-BF2A-903F76F1985C}.Debug|Any CPU.Build.0 = Debug|Win32
		{462B43B2-8B13-4178-BF2A-903F76F1985C}.Debug|x64.ActiveCfg = Debug|x64
		{462B43B2-8B13-4178-BF2A-903F76F1985C}.Debug|x64.Build.0 = Debug|x64
		{462B43B2-8B13-4178-BF2A-903F76F1985C}.Debug|x86.ActiveCfg = Debug|Win32
		{462B43B2-8B13-4178-BF2A-903F76F1985C}.Debug|x86.Build.0 = Debug|Win32
		{462B43B2-8B13-4178-BF2A-903F76F1985C}.Release|Any CPU.ActiveCfg = Release|Win32
		{462B43B2-8B13-4178-BF2A-903F76F1985C}.Release|x64.ActiveCfg = Release|x64
		{462B43B2-8B13-4178-BF2A-903F76F1985C}.Release|x64.Build.0 = Release|x64
		{462B43B2-8B13-4178-BF2A-903F76F1985C}.Release|x86.ActiveCfg = Release|Win32
		{462B43B2-8B13-4178-BF2A-903F76F1985C}.Release|x86.Build.0 = Release|Win32
		{4133D528-AB6D-4CCD-AF37-67536F36154C}.Debug|Any CPU.ActiveCfg = Debug|Win32
		{4133D528-AB6D-4CCD-AF37-67536F36154C}.Debug|Any CPU.Build.0 = Debug|Win32
		{4133D528-AB6D-4CCD-AF37-67536F36154C}.Debug|x64.ActiveCfg = Debug|x64
		{4133D528-AB6D-4CCD-AF37-67536F36154C}.Debug|x64.Build.0 = Debug|x64
		{4133D528-AB6D-4CCD-AF37-67536F36154C}.Debug|x86.ActiveCfg = Debug|Win32
		{4133D528-AB6D-4CCD-AF37-67536F36154C}.Debug|x86.Build.0 = Debug|Win32
		{4133D528-AB6D-4CCD-AF37-67536F36154C}.Release|Any CPU.ActiveCfg = Release|Win32
		{4133D528-AB6D-4CCD-AF37-67536F36154C}.Release|x64.ActiveCfg = Release|x64
		{4133D528-AB6D-4CCD-AF37-67536F36154C}.Release|x64.Build.0 = Release|x64
		{4133D528-AB6D-4CCD-AF37-67536F36154C}.Release|x86.ActiveCfg = Release|Win32
		{4133D528-AB6D-4CCD-AF37-67536F36154C}.Release|x86.Build.0 = Release|Win32
		{CA3129B8-1BF4-44C9-B116-53EC72D0BCCB}.Debug|Any CPU.ActiveCfg = Debug|Win32
		{CA3129B8-1BF4-44C9-B116-53EC72D0BCCB}.Debug|Any CPU.Build.0 = Debug|Win32
		{CA3129B8-1BF4-44C9-B116-53EC72D0BCCB}.Debug|x64.ActiveCfg = Debug|Win32
		{CA3129B8-1BF4-44C9-B116-53EC72D0BCCB}.Debug|x86.ActiveCfg = Debug|Win32
		{CA3129B8-1BF4-44C9-B116-53EC72D0BCCB}.Debug|x86.Build.0 = Debug|Win32
		{CA3129B8-1BF4-44C9-B116-53EC72D0BCCB}.Release|Any CPU.ActiveCfg = Release|Win32
		{CA3129B8-1BF4-44C9-B116-53EC72D0BCCB}.Release|x64.ActiveCfg = Release|Win32
		{CA3129B8-1BF4-44C9-B116-53EC72D0BCCB}.Release|x86.ActiveCfg = Release|Win32
		{CA3129B8-1BF4-44C9-B116-53EC72D0BCCB}.Release|x86.Build.0 = Release|Win32
		{6105617E-3D4C-4914-BA33-E3D053496BA3}.Debug|Any CPU.ActiveCfg = Debug|Win32
		{6105617E-3D4C-4914-BA33-E3D053496BA3}.Debug|Any CPU.Build.0 = Debug|Win32
		{6105617E-3D4C-4914-BA33-E3D053496BA3}.Debug|x64.ActiveCfg = Debug|x64
		{6105617E-3D4C-4914-BA33-E3D053496BA3}.Debug|x64.Build.0 = Debug|x64
		{6105617E-3D4C-4914-BA33-E3D053496BA3}.Debug|x86.ActiveCfg = Debug|Win32
		{6105617E-3D4C-4914-BA33-E3D053496BA3}.Debug|x86.Build.0 = Debug|Win32
		{6105617E-3D4C-4914-BA33-E3D053496BA3}.Release|Any CPU.ActiveCfg = Release|Win32
		{6105617E-3D4C-4914-BA33-E3D053496BA3}.Release|x64.ActiveCfg = Release|x64
		{6105617E-3D4C-4914-BA33-E3D053496BA3}.Release|x64.Build.0 = Release|x64
		{6105617E-3D4C-4914-BA33-E3D053496BA3}.Release|x86.ActiveCfg = Release|Win32
		{6105617E-3D4C-4914-BA33-E3D053496BA3}.Release|x86.Build.0 = Release|Win32
		{B1DB1846-C0FC-48EF-80E4-DC556E9240FA}.Debug|Any CPU.ActiveCfg = Debug|Win32
		{B1DB1846-C0FC-48EF-80E4-DC556E9240FA}.Debug|Any CPU.Build.0 = Debug|Win32
		{B1DB1846-C0FC-48EF-80E4-DC556E9240FA}.Debug|x64.ActiveCfg = Debug|x64
		{B1DB1846-C0FC-48EF-80E4-DC556E9240FA}.Debug|x64.Build.0 = Debug|x64
		{B1DB1846-C0FC-48EF-80E4-DC556E9240FA}.Debug|x86.ActiveCfg = Debug|Win32
		{B1DB1846-C0FC-48EF-80E4-DC556E9240FA}.Debug|x86.Build.0 = Debug|Win32
		{B1DB1846-C0FC-48EF-80E4-DC556E9240FA}.Release|Any CPU.ActiveCfg = Release|Win32
		{B1DB1846-C0FC-48EF-80E4-DC556E9240FA}.Release|x64.ActiveCfg = Release|x64
		{B1DB1846-C0FC-48EF-80E4-DC556E9240FA}.Release|x64.Build.0 = Release|x64
		{B1DB1846-C0FC-48EF-80E4-DC556E9240FA}.Release|x86.ActiveCfg = Release|Win32
		{B1DB1846-C0FC-48EF-80E4-DC556E9240FA}.Release|x86.Build.0 = Release|Win32
		{580C3C33-F98C-4E25-8411-E1561F6F12CB}.Debug|Any CPU.ActiveCfg = Debug|Any CPU
		{580C3C33-F98C-4E25-8411-E1561F6F12CB}.Debug|Any CPU.Build.0 = Debug|Any CPU
		{580C3C33-F98C-4E25-8411-E1561F6F12CB}.Debug|x64.ActiveCfg = Debug|Any CPU
		{580C3C33-F98C-4E25-8411-E1561F6F12CB}.Debug|x64.Build.0 = Debug|Any CPU
		{580C3C33-F98C-4E25-8411-E1561F6F12CB}.Debug|x86.ActiveCfg = Debug|Any CPU
		{580C3C33-F98C-4E25-8411-E1561F6F12CB}.Debug|x86.Build.0 = Debug|Any CPU
		{580C3C33-F98C-4E25-8411-E1561F6F12CB}.Release|Any CPU.ActiveCfg = Release|Any CPU
		{580C3C33-F98C-4E25-8411-E1561F6F12CB}.Release|Any CPU.Build.0 = Release|Any CPU
		{580C3C33-F98C-4E25-8411-E1561F6F12CB}.Release|x64.ActiveCfg = Release|Any CPU
		{580C3C33-F98C-4E25-8411-E1561F6F12CB}.Release|x64.Build.0 = Release|Any CPU
		{580C3C33-F98C-4E25-8411-E1561F6F12CB}.Release|x86.ActiveCfg = Release|Any CPU
		{580C3C33-F98C-4E25-8411-E1561F6F12CB}.Release|x86.Build.0 = Release|Any CPU
		{C32FC838-6475-44E1-B848-C868EB8AA0F8}.Debug|Any CPU.ActiveCfg = Debug|Win32
		{C32FC838-6475-44E1-B848-C868EB8AA0F8}.Debug|x64.ActiveCfg = Debug|x64
		{C32FC838-6475-44E1-B848-C868EB8AA0F8}.Debug|x64.Build.0 = Debug|x64
		{C32FC838-6475-44E1-B848-C868EB8AA0F8}.Debug|x86.ActiveCfg = Debug|Win32
		{C32FC838-6475-44E1-B848-C868EB8AA0F8}.Debug|x86.Build.0 = Debug|Win32
		{C32FC838-6475-44E1-B848-C868EB8AA0F8}.Release|Any CPU.ActiveCfg = Release|Win32
		{C32FC838-6475-44E1-B848-C868EB8AA0F8}.Release|x64.ActiveCfg = Release|x64
		{C32FC838-6475-44E1-B848-C868EB8AA0F8}.Release|x64.Build.0 = Release|x64
		{C32FC838-6475-44E1-B848-C868EB8AA0F8}.Release|x86.ActiveCfg = Release|Win32
		{C32FC838-6475-44E1-B848-C868EB8AA0F8}.Release|x86.Build.0 = Release|Win32
		{1C1627FD-095E-423F-AA94-79EEC3962BB5}.Debug|Any CPU.ActiveCfg = Debug|Win32
		{1C1627FD-095E-423F-AA94-79EEC3962BB5}.Debug|x64.ActiveCfg = Debug|x64
		{1C1627FD-095E-423F-AA94-79EEC3962BB5}.Debug|x64.Build.0 = Debug|x64
		{1C1627FD-095E-423F-AA94-79EEC3962BB5}.Debug|x86.ActiveCfg = Debug|Win32
		{1C1627FD-095E-423F-AA94-79EEC3962BB5}.Debug|x86.Build.0 = Debug|Win32
		{1C1627FD-095E-423F-AA94-79EEC3962BB5}.Release|Any CPU.ActiveCfg = Release|Win32
		{1C1627FD-095E-423F-AA94-79EEC3962BB5}.Release|x64.ActiveCfg = Release|x64
		{1C1627FD-095E-423F-AA94-79EEC3962BB5}.Release|x64.Build.0 = Release|x64
		{1C1627FD-095E-423F-AA94-79EEC3962BB5}.Release|x86.ActiveCfg = Release|Win32
		{1C1627FD-095E-423F-AA94-79EEC3962BB5}.Release|x86.Build.0 = Release|Win32
		{2E607A43-DADA-4DBE-B94C-C3C2D87A4082}.Debug|Any CPU.ActiveCfg = Debug|Win32
		{2E607A43-DADA-4DBE-B94C-C3C2D87A4082}.Debug|x64.ActiveCfg = Debug|x64
		{2E607A43-DADA-4DBE-B94C-C3C2D87A4082}.Debug|x64.Build.0 = Debug|x64
		{2E607A43-DADA-4DBE-B94C-C3C2D87A4082}.Debug|x86.ActiveCfg = Debug|Win32
		{2E607A43-DADA-4DBE-B94C-C3C2D87A4082}.Debug|x86.Build.0 = Debug|Win32
		{2E607A43-DADA-4DBE-B94C-C3C2D87A4082}.Release|Any CPU.ActiveCfg = Release|Win32
		{2E607A43-DADA-4DBE-B94C-C3C2D87A4082}.Release|x64.ActiveCfg = Release|x64
		{2E607A43-DADA-4DBE-B94C-C3C2D87A4082}.Release|x64.Build.0 = Release|x64
		{2E607A43-DADA-4DBE-B94C-C3C2D87A4082}.Release|x86.ActiveCfg = Release|Win32
		{2E607A43-DADA-4DBE-B94C-C3C2D87A4082}.Release|x86.Build.0 = Release|Win32
		{C154E97F-E5C0-426D-A8E6-2028DE478CA1}.Debug|Any CPU.ActiveCfg = Debug|Win32
		{C154E97F-E5C0-426D-A8E6-2028DE478CA1}.Debug|x64.ActiveCfg = Debug|x64
		{C154E97F-E5C0-426D-A8E6-2028DE478CA1}.Debug|x64.Build.0 = Debug|x64
		{C154E97F-E5C0-426D-A8E6-2028DE478CA1}.Debug|x86.ActiveCfg = Debug|Win32
		{C154E97F-E5C0-426D-A8E6-2028DE478CA1}.Debug|x86.Build.0 = Debug|Win32
		{C154E97F-E5C0-426D-A8E6-2028DE478CA1}.Release|Any CPU.ActiveCfg = Release|Win32
		{C154E97F-E5C0-426D-A8E6-2028DE478CA1}.Release|x64.ActiveCfg = Release|x64
		{C154E97F-E5C0-426D-A8E6-2028DE478CA1}.Release|x64.Build.0 = Release|x64
		{C154E97F-E5C0-426D-A8E6-2028DE478CA1}.Release|x86.ActiveCfg = Release|Win32
		{C154E97F-E5C0-426D-A8E6-2028DE478CA1}.Release|x86.Build.0 = Release|Win32
		{7CC2C0A5-F346-4AE8-87AA-D7F3D1753CD6}.Debug|Any CPU.ActiveCfg = Debug|Win32
		{7CC2C0A5-F346-4AE8-87AA-D7F3D1753CD6}.Debug|x64.ActiveCfg = Debug|x64
		{7CC2C0A5-F346-4AE8-87AA-D7F3D1753CD6}.Debug|x64.Build.0 = Debug|x64
		{7CC2C0A5-F346-4AE8-87AA-D7F3D1753CD6}.Debug|x86.ActiveCfg = Debug|Win32
		{7CC2C0A5-F346-4AE8-87AA-D7F3D1753CD6}.Debug|x86.Build.0 = Debug|Win32
		{7CC2C0A5-F346-4AE8-87AA-D7F3D1753CD6}.Release|Any CPU.ActiveCfg = Release|Win32
		{7CC2C0A5-F346-4AE8-87AA-D7F3D1753CD6}.Release|x64.ActiveCfg = Release|x64
		{7CC2C0A5-F346-4AE8-87AA-D7F3D1753CD6}.Release|x64.Build.0 = Release|x64
		{7CC2C0A5-F346-4AE8-87AA-D7F3D1753CD6}.Release|x86.ActiveCfg = Release|Win32
		{7CC2C0A5-F346-4AE8-87AA-D7F3D1753CD6}.Release|x86.Build.0 = Release|Win32
		{5E2548A1-C280-49E1-A2B6-55F4BA12B3F2}.Debug|Any CPU.ActiveCfg = Debug|Win32
		{5E2548A1-C280-49E1-A2B6-55F4BA12B3F2}.Debug|x64.ActiveCfg = Debug|x64
		{5E2548A1-C280-49E1-A2B6-55F4BA12B3F2}.Debug|x64.Build.0 = Debug|x64
		{5E2548A1-C280-49E1-A2B6-55F4BA12B3F2}.Debug|x86.ActiveCfg = Debug|Win32
		{5E2548A1-C280-49E1-A2B6-55F4BA12B3F2}.Debug|x86.Build.0 = Debug|Win32
		{5E2548A1-C280-49E1-A2B6-55F4BA12B3F2}.Release|Any CPU.ActiveCfg = Release|Win32
		{5E2548A1-C280-49E1-A2B6-55F4BA12B3F2}.Release|x64.ActiveCfg = Release|x64
		{5E2548A1-C280-49E1-A2B6-55F4BA12B3F2}.Release|x64.Build.0 = Release|x64
		{5E2548A1-C280-49E1-A2B6-55F4BA12B3F2}.Release|x86.ActiveCfg = Release|Win32
		{5E2548A1-C280-49E1-A2B6-55F4BA12B3F2}.Release|x86.Build.0 = Release|Win32
		{EC7D6746-5458-4664-9C1D-2F9541F6B9D0}.Debug|Any CPU.ActiveCfg = Debug|Win32
		{EC7D6746-5458-4664-9C1D-2F9541F6B9D0}.Debug|x64.ActiveCfg = Debug|x64
		{EC7D6746-5458-4664-9C1D-2F9541F6B9D0}.Debug|x64.Build.0 = Debug|x64
		{EC7D6746-5458-4664-9C1D-2F9541F6B9D0}.Debug|x86.ActiveCfg = Debug|Win32
		{EC7D6746-5458-4664-9C1D-2F9541F6B9D0}.Debug|x86.Build.0 = Debug|Win32
		{EC7D6746-5458-4664-9C1D-2F9541F6B9D0}.Release|Any CPU.ActiveCfg = Release|Win32
		{EC7D6746-5458-4664-9C1D-2F9541F6B9D0}.Release|x64.ActiveCfg = Release|x64
		{EC7D6746-5458-4664-9C1D-2F9541F6B9D0}.Release|x64.Build.0 = Release|x64
		{EC7D6746-5458-4664-9C1D-2F9541F6B9D0}.Release|x86.ActiveCfg = Release|Win32
		{EC7D6746-5458-4664-9C1D-2F9541F6B9D0}.Release|x86.Build.0 = Release|Win32
		{00B59C48-BE4B-4A53-B32B-926D3E61AF20}.Debug|Any CPU.ActiveCfg = Debug|Win32
		{00B59C48-BE4B-4A53-B32B-926D3E61AF20}.Debug|x64.ActiveCfg = Debug|x64
		{00B59C48-BE4B-4A53-B32B-926D3E61AF20}.Debug|x64.Build.0 = Debug|x64
		{00B59C48-BE4B-4A53-B32B-926D3E61AF20}.Debug|x86.ActiveCfg = Debug|Win32
		{00B59C48-BE4B-4A53-B32B-926D3E61AF20}.Debug|x86.Build.0 = Debug|Win32
		{00B59C48-BE4B-4A53-B32B-926D3E61AF20}.Release|Any CPU.ActiveCfg = Release|Win32
		{00B59C48-BE4B-4A53-B32B-926D3E61AF20}.Release|x64.ActiveCfg = Release|x64
		{00B59C48-BE4B-4A53-B32B-926D3E61AF20}.Release|x64.Build.0 = Release|x64
		{00B59C48-BE4B-4A53-B32B-926D3E61AF20}.Release|x86.ActiveCfg = Release|Win32
		{00B59C48-BE4B-4A53-B32B-926D3E61AF20}.Release|x86.Build.0 = Release|Win32
		{0A82ECDC-7520-453A-8F2C-D813FEEE7537}.Debug|Any CPU.ActiveCfg = Debug|Win32
		{0A82ECDC-7520-453A-8F2C-D813FEEE7537}.Debug|x64.ActiveCfg = Debug|Win32
		{0A82ECDC-7520-453A-8F2C-D813FEEE7537}.Debug|x86.ActiveCfg = Debug|Win32
		{0A82ECDC-7520-453A-8F2C-D813FEEE7537}.Debug|x86.Build.0 = Debug|Win32
		{0A82ECDC-7520-453A-8F2C-D813FEEE7537}.Release|Any CPU.ActiveCfg = Release|Win32
		{0A82ECDC-7520-453A-8F2C-D813FEEE7537}.Release|x64.ActiveCfg = Release|Win32
		{0A82ECDC-7520-453A-8F2C-D813FEEE7537}.Release|x86.ActiveCfg = Release|Win32
		{0A82ECDC-7520-453A-8F2C-D813FEEE7537}.Release|x86.Build.0 = Release|Win32
	EndGlobalSection
	GlobalSection(SolutionProperties) = preSolution
		HideSolutionNode = FALSE
	EndGlobalSection
	GlobalSection(ExtensibilityGlobals) = postSolution
		SolutionGuid = {D6E296E3-1CFC-4F9A-B4A1-261670E13E2C}
	EndGlobalSection
EndGlobal
